
Microsoft Visual Studio Solution File, Format Version 12.00
# Visual Studio Version 16
VisualStudioVersion = 16.0.30804.86
MinimumVisualStudioVersion = 10.0.40219.1
Project("{9A19103F-16F7-4668-BE54-9A1E7A4F7556}") = "DebtSlaveryBot", "DebtSlaveryBot\DebtSlaveryBot.csproj", "{68F3EF01-4119-42C9-9EB2-D73E30CEC69C}"
EndProject
Project("{FAE04EC0-301F-11D3-BF4B-00C04F79EFBC}") = "DebtSlaveryBotTests", "DebtSlaveryBotTests\DebtSlaveryBotTests.csproj", "{A82F9DFC-5122-4BF9-9C4C-2AE1904B703C}"
EndProject
Global
	GlobalSection(SolutionConfigurationPlatforms) = preSolution
		Debug|Any CPU = Debug|Any CPU
		Release|Any CPU = Release|Any CPU
	EndGlobalSection
	GlobalSection(ProjectConfigurationPlatforms) = postSolution
		{68F3EF01-4119-42C9-9EB2-D73E30CEC69C}.Debug|Any CPU.ActiveCfg = Debug|Any CPU
		{68F3EF01-4119-42C9-9EB2-D73E30CEC69C}.Debug|Any CPU.Build.0 = Debug|Any CPU
		{68F3EF01-4119-42C9-9EB2-D73E30CEC69C}.Release|Any CPU.ActiveCfg = Release|Any CPU
		{68F3EF01-4119-42C9-9EB2-D73E30CEC69C}.Release|Any CPU.Build.0 = Release|Any CPU
		{A82F9DFC-5122-4BF9-9C4C-2AE1904B703C}.Debug|Any CPU.ActiveCfg = Debug|Any CPU
		{A82F9DFC-5122-4BF9-9C4C-2AE1904B703C}.Debug|Any CPU.Build.0 = Debug|Any CPU
		{A82F9DFC-5122-4BF9-9C4C-2AE1904B703C}.Release|Any CPU.ActiveCfg = Release|Any CPU
		{A82F9DFC-5122-4BF9-9C4C-2AE1904B703C}.Release|Any CPU.Build.0 = Release|Any CPU
	EndGlobalSection
	GlobalSection(SolutionProperties) = preSolution
		HideSolutionNode = FALSE
	EndGlobalSection
	GlobalSection(ExtensibilityGlobals) = postSolution
		SolutionGuid = {570AE5BC-3864-4EA1-9CFC-A1C7997ACD1A}
	EndGlobalSection
EndGlobal
